github.com/klauspost/compress v1.18.0 h1:c/Cqfb0r+Yi+JtIEq73FWXVkRonBlf0CRNYc8Zttxdo=
github.com/klauspost/compress v1.18.0/go.mod h1:2Pp+KzxcywXVXMr50+X0Q/Lsb43OQHYWRCY2AiWywWQ=
github.com/pkg/errors v0.9.1/go.mod h1:bwawxfHBFNV+L2hUp1rHADufV3IMtnDRdf1r5NINEl0=
schneider.vip/hybridbuffer/middleware v1.0.4 h1:LcObTKS9FWwDrnTET5Xt7s1fop5USgPg72A/aT/fMIM=
schneider.vip/hybridbuffer/middleware v1.0.4/go.mod h1:I0koK7LefmC7gOFDQ7z7BmYyTNRq/hCYgTpz9/k+6EM=
